{
  "object": {
    "pins": [
      {
        "package": "CZ3",
        "repositoryURL": "/Users/peter/Developer/CZ3",
        "state": {
          "branch": null,
          "revision": "31bff90a429223bf9a8f79bd06a792b71614f775",
          "version": "1.0.0"
        }
      },
      {
        "package": "FootlessParser",
        "repositoryURL": "https://github.com/peterkovacs/FootlessParser.git",
        "state": {
          "branch": "inout-remainder",
          "revision": "1997256ca6db85760feb3a3811826ba7b4d52c42",
          "version": null
        }
      }
    ]
  },
  "version": 1
}
